
Microsoft Visual Studio Solution File, Format Version 12.00
# Visual Studio Version 16
VisualStudioVersion = 16.0.31321.278
MinimumVisualStudioVersion = 10.0.40219.1
Project("{FAE04EC0-301F-11D3-BF4B-00C04F79EFBC}") = "TestMenu", "TestMenu\TestMenu.csproj", "{506A422C-2F19-4E38-9CBF-476E882D5CAD}"
EndProject
Global
	GlobalSection(SolutionConfigurationPlatforms) = preSolution
		Debug|Any CPU = Debug|Any CPU
		Release|Any CPU = Release|Any CPU
	EndGlobalSection
	GlobalSection(ProjectConfigurationPlatforms) = postSolution
		{506A422C-2F19-4E38-9CBF-476E882D5CAD}.Debug|Any CPU.ActiveCfg = Debug|Any CPU
		{506A422C-2F19-4E38-9CBF-476E882D5CAD}.Debug|Any CPU.Build.0 = Debug|Any CPU
		{506A422C-2F19-4E38-9CBF-476E882D5CAD}.Release|Any CPU.ActiveCfg = Release|Any CPU
		{506A422C-2F19-4E38-9CBF-476E882D5CAD}.Release|Any CPU.Build.0 = Release|Any CPU
	EndGlobalSection
	GlobalSection(SolutionProperties) = preSolution
		HideSolutionNode = FALSE
	EndGlobalSection
	GlobalSection(ExtensibilityGlobals) = postSolution
		SolutionGuid = {F8E3E386-7067-4FC3-94DA-F935A6EAE766}
	EndGlobalSection
EndGlobal
